<?xml version="1.0" encoding="utf-8"?>
<Project ToolsVersion="4.0" xmlns="http://schemas.microsoft.com/developer/msbuild/2003">
  <ItemGroup>
    <Filter Include="Source Files">
      <UniqueIdentifier>{4FC737F1-C7A5-4376-A066-2A32D752A2FF}</UniqueIdentifier>
      <Extensions>cpp;cxx;c;def</Extensions>
    </Filter>
    <Filter Include="Header Files">
      <UniqueIdentifier>{93995380-89BD-4b04-88EB-625FBE52EBFB}</UniqueIdentifier>
      <Extensions>h</Extensions>
    </Filter>
    <Filter Include="Form Files">
      <UniqueIdentifier>{99349809-55BA-4b9d-BF79-8FDBB0286EB3}</UniqueIdentifier>
      <Extensions>ui</Extensions>
    </Filter>
    <Filter Include="Resource Files">
      <UniqueIdentifier>{D9D6E242-F8AF-46E4-B9FD-80ECBC20BA3E}</UniqueIdentifier>
      <Extensions>qrc;*</Extensions>
      <ParseFiles>false</ParseFiles>
    </Filter>
    <Filter Include="Generated Files">
      <UniqueIdentifier>{71ED8ED8-ACB9-4CE9-BBE1-E00B30144E11}</UniqueIdentifier>
      <Extensions>moc;h;cpp</Extensions>
      <SourceControlFiles>False</SourceControlFiles>
    </Filter>
    <Filter Include="Generated Files\Debug">
      <UniqueIdentifier>{e70320cb-b628-47f8-833b-f82efc74dd36}</UniqueIdentifier>
      <Extensions>cpp;moc</Extensions>
      <SourceControlFiles>False</SourceControlFiles>
    </Filter>
    <Filter Include="Generated Files\Release">
      <UniqueIdentifier>{e39a7bc6-618e-4ddc-94ec-3936f18c6d67}</UniqueIdentifier>
      <Extensions>cpp;moc</Extensions>
      <SourceControlFiles>False</SourceControlFiles>
    </Filter>
    <Filter Include="gco">
      <UniqueIdentifier>{efc9c45f-8794-459c-93f4-dd14316b974d}</UniqueIdentifier>
    </Filter>
    <Filter Include="hungarian">
      <UniqueIdentifier>{3797aee9-2561-45b2-9ba0-367c7c91033a}</UniqueIdentifier>
    </Filter>
    <Filter Include="Simplematrix">
      <UniqueIdentifier>{b66ed4cd-2248-4777-ac67-b0ae8779325b}</UniqueIdentifier>
    </Filter>
  </ItemGroup>
  <ItemGroup>
    <ClCompile Include="GeneratedFiles\qrc_imageviewer.cpp">
      <Filter>Generated Files</Filter>
    </ClCompile>
    <ClCompile Include="imageviewer.cpp">
      <Filter>Source Files</Filter>
    </ClCompile>
    <ClCompile Include="main.cpp">
      <Filter>Source Files</Filter>
    </ClCompile>
    <ClCompile Include="Para.cpp">
      <Filter>Source Files</Filter>
    </ClCompile>
    <ClCompile Include="Rep.cpp">
      <Filter>Source Files</Filter>
    </ClCompile>
    <ClCompile Include="GeneratedFiles\Debug\moc_imageviewer.cpp">
      <Filter>Generated Files\Debug</Filter>
    </ClCompile>
    <ClCompile Include="GeneratedFiles\Release\moc_imageviewer.cpp">
      <Filter>Generated Files\Release</Filter>
    </ClCompile>
    <ClCompile Include="gco\GCoptimization.cpp">
      <Filter>gco</Filter>
    </ClCompile>
    <ClCompile Include="gco\graph.cpp">
      <Filter>gco</Filter>
    </ClCompile>
    <ClCompile Include="gco\LinkedBlockList.cpp">
      <Filter>gco</Filter>
    </ClCompile>
    <ClCompile Include="gco\maxflow.cpp">
      <Filter>gco</Filter>
    </ClCompile>
    <ClCompile Include="GeneratedFiles\Debug\moc_SenderObject.cpp">
      <Filter>Generated Files\Debug</Filter>
    </ClCompile>
    <ClCompile Include="GeneratedFiles\Release\moc_SenderObject.cpp">
      <Filter>Generated Files\Release</Filter>
    </ClCompile>
    <ClCompile Include="SenderObject.cpp">
      <Filter>Source Files</Filter>
    </ClCompile>
    <ClCompile Include="sideviewer.cpp">
      <Filter>Source Files</Filter>
    </ClCompile>
    <ClCompile Include="scribblearea.cpp">
      <Filter>Source Files</Filter>
    </ClCompile>
    <ClCompile Include="GeneratedFiles\Debug\moc_scribblearea.cpp">
      <Filter>Generated Files\Debug</Filter>
    </ClCompile>
    <ClCompile Include="GeneratedFiles\Release\moc_scribblearea.cpp">
      <Filter>Generated Files\Release</Filter>
    </ClCompile>
    <ClCompile Include="hungarian\hungarian.c">
      <Filter>hungarian</Filter>
    </ClCompile>
  </ItemGroup>
  <ItemGroup>
    <CustomBuild Include="imageviewer.ui">
      <Filter>Form Files</Filter>
    </CustomBuild>
    <CustomBuild Include="imageviewer.qrc">
      <Filter>Resource Files</Filter>
    </CustomBuild>
    <CustomBuild Include="imageviewer.h">
      <Filter>Header Files</Filter>
    </CustomBuild>
    <CustomBuild Include="SenderObject.h">
      <Filter>Header Files</Filter>
    </CustomBuild>
    <CustomBuild Include="scribblearea.h">
      <Filter>Header Files</Filter>
    </CustomBuild>
    <CustomBuild Include="Para.h">
      <Filter>Header Files</Filter>
    </CustomBuild>
    <CustomBuild Include="Rep.h">
      <Filter>Header Files</Filter>
    </CustomBuild>
    <CustomBuild Include="sideviewer.h">
      <Filter>Header Files</Filter>
    </CustomBuild>
    <CustomBuild Include="GeneratedFiles\ui_imageviewer.h">
      <Filter>Generated Files</Filter>
    </CustomBuild>
    <CustomBuild Include="gco\block.h">
      <Filter>gco</Filter>
    </CustomBuild>
    <CustomBuild Include="gco\energy.h">
      <Filter>gco</Filter>
    </CustomBuild>
    <CustomBuild Include="gco\GCoptimization.h">
      <Filter>gco</Filter>
    </CustomBuild>
    <CustomBuild Include="gco\graph.h">
      <Filter>gco</Filter>
    </CustomBuild>
    <CustomBuild Include="gco\LinkedBlockList.h">
      <Filter>gco</Filter>
    </CustomBuild>
    <CustomBuild Include="hungarian\hungarian.h">
      <Filter>hungarian</Filter>
    </CustomBuild>
    <CustomBuild Include="simplematrix\SimpleMatrix.h">
      <Filter>Simplematrix</Filter>
    </CustomBuild>
  </ItemGroup>
</Project>